
Microsoft Visual Studio Solution File, Format Version 12.00
# Visual Studio Version 16
VisualStudioVersion = 16.0.32901.82
MinimumVisualStudioVersion = 10.0.40219.1
Project("{FAE04EC0-301F-11D3-BF4B-00C04F79EFBC}") = "SUNS", "SUNS\SUNS.csproj", "{F78F0F2A-6E39-4726-9E4C-03229C9879D6}"
EndProject
Global
	GlobalSection(SolutionConfigurationPlatforms) = preSolution
		Debug|Any CPU = Debug|Any CPU
		Release|Any CPU = Release|Any CPU
	EndGlobalSection
	GlobalSection(ProjectConfigurationPlatforms) = postSolution
		{F78F0F2A-6E39-4726-9E4C-03229C9879D6}.Debug|Any CPU.ActiveCfg = Debug|Any CPU
		{F78F0F2A-6E39-4726-9E4C-03229C9879D6}.Debug|Any CPU.Build.0 = Debug|Any CPU
		{F78F0F2A-6E39-4726-9E4C-03229C9879D6}.Release|Any CPU.ActiveCfg = Release|Any CPU
		{F78F0F2A-6E39-4726-9E4C-03229C9879D6}.Release|Any CPU.Build.0 = Release|Any CPU
	EndGlobalSection
	GlobalSection(SolutionProperties) = preSolution
		HideSolutionNode = FALSE
	EndGlobalSection
	GlobalSection(ExtensibilityGlobals) = postSolution
		SolutionGuid = {044918D1-18D7-428C-8BB1-AD1897872D0B}
	EndGlobalSection
EndGlobal
